
Microsoft Visual Studio Solution File, Format Version 12.00
# Visual Studio Version 17
VisualStudioVersion = 17.2.32526.322
MinimumVisualStudioVersion = 10.0.40219.1
Project("{FAE04EC0-301F-11D3-BF4B-00C04F79EFBC}") = "PizzaWebApp", "PizzaWebApp\PizzaWebApp.csproj", "{79EBCE84-A50F-4319-8700-A8CFA799AC01}"
EndProject
Global
	GlobalSection(SolutionConfigurationPlatforms) = preSolution
		Debug|Any CPU = Debug|Any CPU
		Release|Any CPU = Release|Any CPU
	EndGlobalSection
	GlobalSection(ProjectConfigurationPlatforms) = postSolution
		{79EBCE84-A50F-4319-8700-A8CFA799AC01}.Debug|Any CPU.ActiveCfg = Debug|Any CPU
		{79EBCE84-A50F-4319-8700-A8CFA799AC01}.Debug|Any CPU.Build.0 = Debug|Any CPU
		{79EBCE84-A50F-4319-8700-A8CFA799AC01}.Release|Any CPU.ActiveCfg = Release|Any CPU
		{79EBCE84-A50F-4319-8700-A8CFA799AC01}.Release|Any CPU.Build.0 = Release|Any CPU
	EndGlobalSection
	GlobalSection(SolutionProperties) = preSolution
		HideSolutionNode = FALSE
	EndGlobalSection
	GlobalSection(ExtensibilityGlobals) = postSolution
		SolutionGuid = {A6503352-6DE0-4E90-B567-4380B7176EB2}
	EndGlobalSection
EndGlobal
